
Microsoft Visual Studio Solution File, Format Version 12.00
# Visual Studio 15
VisualStudioVersion = 15.0.27130.2020
MinimumVisualStudioVersion = 10.0.40219.1
Project("{FAE04EC0-301F-11D3-BF4B-00C04F79EFBC}") = "CollectibleGame", "sand\CollectibleGame.csproj", "{D5C3E191-BCA4-402D-8054-D9A2EFDE8161}"
EndProject
Global
	GlobalSection(SolutionConfigurationPlatforms) = preSolution
		Debug|Any CPU = Debug|Any CPU
		Release|Any CPU = Release|Any CPU
	EndGlobalSection
	GlobalSection(ProjectConfigurationPlatforms) = postSolution
		{D5C3E191-BCA4-402D-8054-D9A2EFDE8161}.Debug|Any CPU.ActiveCfg = Debug|Any CPU
		{D5C3E191-BCA4-402D-8054-D9A2EFDE8161}.Debug|Any CPU.Build.0 = Debug|Any CPU
		{D5C3E191-BCA4-402D-8054-D9A2EFDE8161}.Release|Any CPU.ActiveCfg = Release|Any CPU
		{D5C3E191-BCA4-402D-8054-D9A2EFDE8161}.Release|Any CPU.Build.0 = Release|Any CPU
	EndGlobalSection
	GlobalSection(SolutionProperties) = preSolution
		HideSolutionNode = FALSE
	EndGlobalSection
	GlobalSection(ExtensibilityGlobals) = postSolution
		SolutionGuid = {C3B5122C-4DF6-4EFD-8626-715199035C50}
	EndGlobalSection
EndGlobal
